
Microsoft Visual Studio Solution File, Format Version 12.00
# Visual Studio Version 16
VisualStudioVersion = 16.0.29728.190
MinimumVisualStudioVersion = 10.0.40219.1
Project("{FAE04EC0-301F-11D3-BF4B-00C04F79EFBC}") = "EuroCalculator", "EuroCalculator.csproj", "{2B6962D8-B4F9-4C26-8A95-E68A200F2E93}"
EndProject
Global
	GlobalSection(SolutionConfigurationPlatforms) = preSolution
		Debug|Any CPU = Debug|Any CPU
		Release|Any CPU = Release|Any CPU
	EndGlobalSection
	GlobalSection(ProjectConfigurationPlatforms) = postSolution
		{2B6962D8-B4F9-4C26-8A95-E68A200F2E93}.Debug|Any CPU.ActiveCfg = Debug|Any CPU
		{2B6962D8-B4F9-4C26-8A95-E68A200F2E93}.Debug|Any CPU.Build.0 = Debug|Any CPU
		{2B6962D8-B4F9-4C26-8A95-E68A200F2E93}.Release|Any CPU.ActiveCfg = Release|Any CPU
		{2B6962D8-B4F9-4C26-8A95-E68A200F2E93}.Release|Any CPU.Build.0 = Release|Any CPU
	EndGlobalSection
	GlobalSection(SolutionProperties) = preSolution
		HideSolutionNode = FALSE
	EndGlobalSection
	GlobalSection(ExtensibilityGlobals) = postSolution
		SolutionGuid = {B25E1072-E8A2-4922-BAED-03CE85C5D607}
	EndGlobalSection
EndGlobal
